// !$*UTF8*$!
{
	archiveVersion = 1;
	classes = {
	};
	objectVersion = 56;
	objects = {

/* Begin PBXBuildFile section */
		175300122C8F8820006387C3 /* AppDelegate.swift in Sources */ = {isa = PBXBuildFile; fileRef = 175300112C8F8820006387C3 /* AppDelegate.swift */; };
		175300142C8F8820006387C3 /* SceneDelegate.swift in Sources */ = {isa = PBXBuildFile; fileRef = 175300132C8F8820006387C3 /* SceneDelegate.swift */; };
		175300162C8F8820006387C3 /* ViewController.swift in Sources */ = {isa = PBXBuildFile; fileRef = 175300152C8F8820006387C3 /* ViewController.swift */; };
		175300192C8F8820006387C3 /* Base in Resources */ = {isa = PBXBuildFile; fileRef = 175300182C8F8820006387C3 /* Base */; };
		1753001B2C8F8822006387C3 /* Assets.xcassets in Resources */ = {isa = PBXBuildFile; fileRef = 1753001A2C8F8822006387C3 /* Assets.xcassets */; };
		1753001E2C8F8822006387C3 /* Base in Resources */ = {isa = PBXBuildFile; fileRef = 1753001D2C8F8822006387C3 /* Base */; };
		1753002C2C8F8902006387C3 /* KeyboardViewController.swift in Sources */ = {isa = PBXBuildFile; fileRef = 1753002B2C8F8902006387C3 /* KeyboardViewController.swift */; };
		175300302C8F8902006387C3 /* Hodor.appex in Embed Foundation Extensions */ = {isa = PBXBuildFile; fileRef = 175300292C8F8902006387C3 /* Hodor.appex */; settings = {ATTRIBUTES = (RemoveHeadersOnCopy, ); }; };
		175300362C8F8AAA006387C3 /* hodor.png in Resources */ = {isa = PBXBuildFile; fileRef = 175300352C8F8AAA006387C3 /* hodor.png */; };
/* End PBXBuildFile section */

/* Begin PBXContainerItemProxy section */
		1753002E2C8F8902006387C3 /* PBXContainerItemProxy */ = {
			isa = PBXContainerItemProxy;
			containerPortal = 175300062C8F8820006387C3 /* Project object */;
			proxyType = 1;
			remoteGlobalIDString = 175300282C8F8902006387C3;
			remoteInfo = Hodor;
		};
/* End PBXContainerItemProxy section */

/* Begin PBXCopyFilesBuildPhase section */
		175300342C8F8902006387C3 /* Embed Foundation Extensions */ = {
			isa = PBXCopyFilesBuildPhase;
			buildActionMask = 2147483647;
			dstPath = "";
			dstSubfolderSpec = 13;
			files = (
				175300302C8F8902006387C3 /* Hodor.appex in Embed Foundation Extensions */,
			);
			name = "Embed Foundation Extensions";
			runOnlyForDeploymentPostprocessing = 0;
		};
/* End PBXCopyFilesBuildPhase section */

/* Begin PBXFileReference section */
		1753000E2C8F8820006387C3 /* HodorKeyboard.app */ = {isa = PBXFileReference; explicitFileType = wrapper.application; includeInIndex = 0; path = HodorKeyboard.app; sourceTree = BUILT_PRODUCTS_DIR; };
		175300112C8F8820006387C3 /* AppDelegate.swift */ = {isa = PBXFileReference; lastKnownFileType = sourcecode.swift; path = AppDelegate.swift; sourceTree = "<group>"; };
		175300132C8F8820006387C3 /* SceneDelegate.swift */ = {isa = PBXFileReference; lastKnownFileType = sourcecode.swift; path = SceneDelegate.swift; sourceTree = "<group>"; };
		175300152C8F8820006387C3 /* ViewController.swift */ = {isa = PBXFileReference; lastKnownFileType = sourcecode.swift; path = ViewController.swift; sourceTree = "<group>"; };
		175300182C8F8820006387C3 /* Base */ = {isa = PBXFileReference; lastKnownFileType = file.storyboard; name = Base; path = Base.lproj/Main.storyboard; sourceTree = "<group>"; };
		1753001A2C8F8822006387C3 /* Assets.xcassets */ = {isa = PBXFileReference; lastKnownFileType = folder.assetcatalog; path = Assets.xcassets; sourceTree = "<group>"; };
		1753001D2C8F8822006387C3 /* Base */ = {isa = PBXFileReference; lastKnownFileType = file.storyboard; name = Base; path = Base.lproj/LaunchScreen.storyboard; sourceTree = "<group>"; };
		1753001F2C8F8822006387C3 /* Info.plist */ = {isa = PBXFileReference; lastKnownFileType = text.plist.xml; path = Info.plist; sourceTree = "<group>"; };
		175300292C8F8902006387C3 /* Hodor.appex */ = {isa = PBXFileReference; explicitFileType = "wrapper.app-extension"; includeInIndex = 0; path = Hodor.appex; sourceTree = BUILT_PRODUCTS_DIR; };
		1753002B2C8F8902006387C3 /* KeyboardViewController.swift */ = {isa = PBXFileReference; lastKnownFileType = sourcecode.swift; path = KeyboardViewController.swift; sourceTree = "<group>"; };
		1753002D2C8F8902006387C3 /* Info.plist */ = {isa = PBXFileReference; lastKnownFileType = text.plist.xml; path = Info.plist; sourceTree = "<group>"; };
		175300352C8F8AAA006387C3 /* hodor.png */ = {isa = PBXFileReference; lastKnownFileType = image.png; name = hodor.png; path = ../../../Downloads/hodor.png; sourceTree = "<group>"; };
/* End PBXFileReference section */

/* Begin PBXFrameworksBuildPhase section */
		1753000B2C8F8820006387C3 /* Frameworks */ = {
			isa = PBXFrameworksBuildPhase;
			buildActionMask = 2147483647;
			files = (
			);
			runOnlyForDeploymentPostprocessing = 0;
		};
		175300262C8F8902006387C3 /* Frameworks */ = {
			isa = PBXFrameworksBuildPhase;
			buildActionMask = 2147483647;
			files = (
			);
			runOnlyForDeploymentPostprocessing = 0;
		};
/* End PBXFrameworksBuildPhase section */

/* Begin PBXGroup section */
		175300052C8F8820006387C3 = {
			isa = PBXGroup;
			children = (
				175300102C8F8820006387C3 /* HodorKeyboard */,
				1753002A2C8F8902006387C3 /* Hodor */,
				1753000F2C8F8820006387C3 /* Products */,
			);
			sourceTree = "<group>";
		};
		1753000F2C8F8820006387C3 /* Products */ = {
			isa = PBXGroup;
			children = (
				1753000E2C8F8820006387C3 /* HodorKeyboard.app */,
				175300292C8F8902006387C3 /* Hodor.appex */,
			);
			name = Products;
			sourceTree = "<group>";
		};
		175300102C8F8820006387C3 /* HodorKeyboard */ = {
			isa = PBXGroup;
			children = (
				175300112C8F8820006387C3 /* AppDelegate.swift */,
				175300132C8F8820006387C3 /* SceneDelegate.swift */,
				175300152C8F8820006387C3 /* ViewController.swift */,
				175300172C8F8820006387C3 /* Main.storyboard */,
				1753001A2C8F8822006387C3 /* Assets.xcassets */,
				1753001C2C8F8822006387C3 /* LaunchScreen.storyboard */,
				1753001F2C8F8822006387C3 /* Info.plist */,
			);
			path = HodorKeyboard;
			sourceTree = "<group>";
		};
		1753002A2C8F8902006387C3 /* Hodor */ = {
			isa = PBXGroup;
			children = (
				175300352C8F8AAA006387C3 /* hodor.png */,
				1753002B2C8F8902006387C3 /* KeyboardViewController.swift */,
				1753002D2C8F8902006387C3 /* Info.plist */,
			);
			path = Hodor;
			sourceTree = "<group>";
		};
/* End PBXGroup section */

/* Begin PBXNativeTarget section */
		1753000D2C8F8820006387C3 /* HodorKeyboard */ = {
			isa = PBXNativeTarget;
			buildConfigurationList = 175300222C8F8822006387C3 /* Build configuration list for PBXNativeTarget "HodorKeyboard" */;
			buildPhases = (
				1753000A2C8F8820006387C3 /* Sources */,
				1753000B2C8F8820006387C3 /* Frameworks */,
				1753000C2C8F8820006387C3 /* Resources */,
				175300342C8F8902006387C3 /* Embed Foundation Extensions */,
			);
			buildRules = (
			);
			dependencies = (
				1753002F2C8F8902006387C3 /* PBXTargetDependency */,
			);
			name = HodorKeyboard;
			productName = HodorKeyboard;
			productReference = 1753000E2C8F8820006387C3 /* HodorKeyboard.app */;
			productType = "com.apple.product-type.application";
		};
		175300282C8F8902006387C3 /* Hodor */ = {
			isa = PBXNativeTarget;
			buildConfigurationList = 175300312C8F8902006387C3 /* Build configuration list for PBXNativeTarget "Hodor" */;
			buildPhases = (
				175300252C8F8902006387C3 /* Sources */,
				175300262C8F8902006387C3 /* Frameworks */,
				175300272C8F8902006387C3 /* Resources */,
			);
			buildRules = (
			);
			dependencies = (
			);
			name = Hodor;
			productName = Hodor;
			productReference = 175300292C8F8902006387C3 /* Hodor.appex */;
			productType = "com.apple.product-type.app-extension";
		};
/* End PBXNativeTarget section */

/* Begin PBXProject section */
		175300062C8F8820006387C3 /* Project object */ = {
			isa = PBXProject;
			attributes = {
				BuildIndependentTargetsInParallel = 1;
				LastSwiftUpdateCheck = 1540;
				LastUpgradeCheck = 1540;
				TargetAttributes = {
					1753000D2C8F8820006387C3 = {
						CreatedOnToolsVersion = 15.4;
					};
					175300282C8F8902006387C3 = {
						CreatedOnToolsVersion = 15.4;
					};
				};
			};
			buildConfigurationList = 175300092C8F8820006387C3 /* Build configuration list for PBXProject "HodorKeyboard" */;
			compatibilityVersion = "Xcode 14.0";
			developmentRegion = en;
			hasScannedForEncodings = 0;
			knownRegions = (
				en,
				Base,
			);
			mainGroup = 175300052C8F8820006387C3;
			productRefGroup = 1753000F2C8F8820006387C3 /* Products */;
			projectDirPath = "";
			projectRoot = "";
			targets = (
				1753000D2C8F8820006387C3 /* HodorKeyboard */,
				175300282C8F8902006387C3 /* Hodor */,
			);
		};
/* End PBXProject section */

/* Begin PBXResourcesBuildPhase section */
		1753000C2C8F8820006387C3 /* Resources */ = {
			isa = PBXResourcesBuildPhase;
			buildActionMask = 2147483647;
			files = (
				1753001B2C8F8822006387C3 /* Assets.xcassets in Resources */,
				1753001E2C8F8822006387C3 /* Base in Resources */,
				175300192C8F8820006387C3 /* Base in Resources */,
			);
			runOnlyForDeploymentPostprocessing = 0;
		};
		175300272C8F8902006387C3 /* Resources */ = {
			isa = PBXResourcesBuildPhase;
			buildActionMask = 2147483647;
			files = (
				175300362C8F8AAA006387C3 /* hodor.png in Resources */,
			);
			runOnlyForDeploymentPostprocessing = 0;
		};
/* End PBXResourcesBuildPhase section */

/* Begin PBXSourcesBuildPhase section */
		1753000A2C8F8820006387C3 /* Sources */ = {
			isa = PBXSourcesBuildPhase;
			buildActionMask = 2147483647;
			files = (
				175300162C8F8820006387C3 /* ViewController.swift in Sources */,
				175300122C8F8820006387C3 /* AppDelegate.swift in Sources */,
				175300142C8F8820006387C3 /* SceneDelegate.swift in Sources */,
			);
			runOnlyForDeploymentPostprocessing = 0;
		};
		175300252C8F8902006387C3 /* Sources */ = {
			isa = PBXSourcesBuildPhase;
			buildActionMask = 2147483647;
			files = (
				1753002C2C8F8902006387C3 /* KeyboardViewController.swift in Sources */,
			);
			runOnlyForDeploymentPostprocessing = 0;
		};
/* End PBXSourcesBuildPhase section */

/* Begin PBXTargetDependency section */
		1753002F2C8F8902006387C3 /* PBXTargetDependency */ = {
			isa = PBXTargetDependency;
			target = 175300282C8F8902006387C3 /* Hodor */;
			targetProxy = 1753002E2C8F8902006387C3 /* PBXContainerItemProxy */;
		};
/* End PBXTargetDependency section */

/* Begin PBXVariantGroup section */
		175300172C8F8820006387C3 /* Main.storyboard */ = {
			isa = PBXVariantGroup;
			children = (
				175300182C8F8820006387C3 /* Base */,
			);
			name = Main.storyboard;
			sourceTree = "<group>";
		};
		1753001C2C8F8822006387C3 /* LaunchScreen.storyboard */ = {
			isa = PBXVariantGroup;
			children = (
				1753001D2C8F8822006387C3 /* Base */,
			);
			name = LaunchScreen.storyboard;
			sourceTree = "<group>";
		};
/* End PBXVariantGroup section */

/* Begin XCBuildConfiguration section */
		175300202C8F8822006387C3 /* Debug */ = {
			isa = XCBuildConfiguration;
			buildSettings = {
				ALWAYS_SEARCH_USER_PATHS = NO;
				ASSETCATALOG_COMPILER_GENERATE_SWIFT_ASSET_SYMBOL_EXTENSIONS = YES;
				CLANG_ANALYZER_NONNULL = YES;
				CLANG_ANALYZER_NUMBER_OBJECT_CONVERSION = YES_AGGRESSIVE;
				CLANG_CXX_LANGUAGE_STANDARD = "gnu++20";
				CLANG_ENABLE_MODULES = YES;
				CLANG_ENABLE_OBJC_ARC = YES;
				CLANG_ENABLE_OBJC_WEAK = YES;
				CLANG_WARN_BLOCK_CAPTURE_AUTORELEASING = YES;
				CLANG_WARN_BOOL_CONVERSION = YES;
				CLANG_WARN_COMMA = YES;
				CLANG_WARN_CONSTANT_CONVERSION = YES;
				CLANG_WARN_DEPRECATED_OBJC_IMPLEMENTATIONS = YES;
				CLANG_WARN_DIRECT_OBJC_ISA_USAGE = YES_ERROR;
				CLANG_WARN_DOCUMENTATION_COMMENTS = YES;
				CLANG_WARN_EMPTY_BODY = YES;
				CLANG_WARN_ENUM_CONVERSION = YES;
				CLANG_WARN_INFINITE_RECURSION = YES;
				CLANG_WARN_INT_CONVERSION = YES;
				CLANG_WARN_NON_LITERAL_NULL_CONVERSION = YES;
				CLANG_WARN_OBJC_IMPLICIT_RETAIN_SELF = YES;
				CLANG_WARN_OBJC_LITERAL_CONVERSION = YES;
				CLANG_WARN_OBJC_ROOT_CLASS = YES_ERROR;
				CLANG_WARN_QUOTED_INCLUDE_IN_FRAMEWORK_HEADER = YES;
				CLANG_WARN_RANGE_LOOP_ANALYSIS = YES;
				CLANG_WARN_STRICT_PROTOTYPES = YES;
				CLANG_WARN_SUSPICIOUS_MOVE = YES;
				CLANG_WARN_UNGUARDED_AVAILABILITY = YES_AGGRESSIVE;
				CLANG_WARN_UNREACHABLE_CODE = YES;
				CLANG_WARN__DUPLICATE_METHOD_MATCH = YES;
				COPY_PHASE_STRIP = NO;
				DEBUG_INFORMATION_FORMAT = dwarf;
				ENABLE_STRICT_OBJC_MSGSEND = YES;
				ENABLE_TESTABILITY = YES;
				ENABLE_USER_SCRIPT_SANDBOXING = YES;
				GCC_C_LANGUAGE_STANDARD = gnu17;
				GCC_DYNAMIC_NO_PIC = NO;
				GCC_NO_COMMON_BLOCKS = YES;
				GCC_OPTIMIZATION_LEVEL = 0;
				GCC_PREPROCESSOR_DEFINITIONS = (
					"DEBUG=1",
					"$(inherited)",
				);
				GCC_WARN_64_TO_32_BIT_CONVERSION = YES;
				GCC_WARN_ABOUT_RETURN_TYPE = YES_ERROR;
				GCC_WARN_UNDECLARED_SELECTOR = YES;
				GCC_WARN_UNINITIALIZED_AUTOS = YES_AGGRESSIVE;
				GCC_WARN_UNUSED_FUNCTION = YES;
				GCC_WARN_UNUSED_VARIABLE = YES;
				IPHONEOS_DEPLOYMENT_TARGET = 17.5;
				LOCALIZATION_PREFERS_STRING_CATALOGS = YES;
				MTL_ENABLE_DEBUG_INFO = INCLUDE_SOURCE;
				MTL_FAST_MATH = YES;
				ONLY_ACTIVE_ARCH = YES;
				SDKROOT = iphoneos;
				SWIFT_ACTIVE_COMPILATION_CONDITIONS = "DEBUG $(inherited)";
				SWIFT_OPTIMIZATION_LEVEL = "-Onone";
			};
			name = Debug;
		};
		175300212C8F8822006387C3 /* Release */ = {
			isa = XCBuildConfiguration;
			buildSettings = {
				ALWAYS_SEARCH_USER_PATHS = NO;
				ASSETCATALOG_COMPILER_GENERATE_SWIFT_ASSET_SYMBOL_EXTENSIONS = YES;
				CLANG_ANALYZER_NONNULL = YES;
				CLANG_ANALYZER_NUMBER_OBJECT_CONVERSION = YES_AGGRESSIVE;
				CLANG_CXX_LANGUAGE_STANDARD = "gnu++20";
				CLANG_ENABLE_MODULES = YES;
				CLANG_ENABLE_OBJC_ARC = YES;
				CLANG_ENABLE_OBJC_WEAK = YES;
				CLANG_WARN_BLOCK_CAPTURE_AUTORELEASING = YES;
				CLANG_WARN_BOOL_CONVERSION = YES;
				CLANG_WARN_COMMA = YES;
				CLANG_WARN_CONSTANT_CONVERSION = YES;
				CLANG_WARN_DEPRECATED_OBJC_IMPLEMENTATIONS = YES;
				CLANG_WARN_DIRECT_OBJC_ISA_USAGE = YES_ERROR;
				CLANG_WARN_DOCUMENTATION_COMMENTS = YES;
				CLANG_WARN_EMPTY_BODY = YES;
				CLANG_WARN_ENUM_CONVERSION = YES;
				CLANG_WARN_INFINITE_RECURSION = YES;
				CLANG_WARN_INT_CONVERSION = YES;
				CLANG_WARN_NON_LITERAL_NULL_CONVERSION = YES;
				CLANG_WARN_OBJC_IMPLICIT_RETAIN_SELF = YES;
				CLANG_WARN_OBJC_LITERAL_CONVERSION = YES;
				CLANG_WARN_OBJC_ROOT_CLASS = YES_ERROR;
				CLANG_WARN_QUOTED_INCLUDE_IN_FRAMEWORK_HEADER = YES;
				CLANG_WARN_RANGE_LOOP_ANALYSIS = YES;
				CLANG_WARN_STRICT_PROTOTYPES = YES;
				CLANG_WARN_SUSPICIOUS_MOVE = YES;
				CLANG_WARN_UNGUARDED_AVAILABILITY = YES_AGGRESSIVE;
				CLANG_WARN_UNREACHABLE_CODE = YES;
				CLANG_WARN__DUPLICATE_METHOD_MATCH = YES;
				COPY_PHASE_STRIP = NO;
				DEBUG_INFORMATION_FORMAT = "dwarf-with-dsym";
				ENABLE_NS_ASSERTIONS = NO;
				ENABLE_STRICT_OBJC_MSGSEND = YES;
				ENABLE_USER_SCRIPT_SANDBOXING = YES;
				GCC_C_LANGUAGE_STANDARD = gnu17;
				GCC_NO_COMMON_BLOCKS = YES;
				GCC_WARN_64_TO_32_BIT_CONVERSION = YES;
				GCC_WARN_ABOUT_RETURN_TYPE = YES_ERROR;
				GCC_WARN_UNDECLARED_SELECTOR = YES;
				GCC_WARN_UNINITIALIZED_AUTOS = YES_AGGRESSIVE;
				GCC_WARN_UNUSED_FUNCTION = YES;
				GCC_WARN_UNUSED_VARIABLE = YES;
				IPHONEOS_DEPLOYMENT_TARGET = 17.5;
				LOCALIZATION_PREFERS_STRING_CATALOGS = YES;
				MTL_ENABLE_DEBUG_INFO = NO;
				MTL_FAST_MATH = YES;
				SDKROOT = iphoneos;
				SWIFT_COMPILATION_MODE = wholemodule;
				VALIDATE_PRODUCT = YES;
			};
			name = Release;
		};
		175300232C8F8822006387C3 /* Debug */ = {
			isa = XCBuildConfiguration;
			buildSettings = {
				ALWAYS_EMBED_SWIFT_STANDARD_LIBRARIES = YES;
				ASSETCATALOG_COMPILER_APPICON_NAME = AppIcon;
				ASSETCATALOG_COMPILER_GLOBAL_ACCENT_COLOR_NAME = AccentColor;
				CODE_SIGN_STYLE = Automatic;
				CURRENT_PROJECT_VERSION = 1;
				DEVELOPMENT_TEAM = PZ22MVLYZ5;
				GENERATE_INFOPLIST_FILE = YES;
				INFOPLIST_FILE = HodorKeyboard/Info.plist;
				INFOPLIST_KEY_UIApplicationSupportsIndirectInputEvents = YES;
				INFOPLIST_KEY_UILaunchStoryboardName = LaunchScreen;
				INFOPLIST_KEY_UIMainStoryboardFile = Main;
				INFOPLIST_KEY_UISupportedInterfaceOrientations_iPad = "UIInterfaceOrientationPortrait UIInterfaceOrientationPortraitUpsideDown UIInterfaceOrientationLandscapeLeft UIInterfaceOrientationLandscapeRight";
				INFOPLIST_KEY_UISupportedInterfaceOrientations_iPhone = "UIInterfaceOrientationPortrait UIInterfaceOrientationLandscapeLeft UIInterfaceOrientationLandscapeRight";
				LD_RUNPATH_SEARCH_PATHS = (
					"$(inherited)",
					"@executable_path/Frameworks",
				);
				MARKETING_VERSION = 1.0;
				PRODUCT_BUNDLE_IDENTIFIER = com.keremturkozu.HodorKeyboard;
				PRODUCT_NAME = "$(TARGET_NAME)";
				SWIFT_EMIT_LOC_STRINGS = YES;
				SWIFT_VERSION = 5.0;
				TARGETED_DEVICE_FAMILY = "1,2";
			};
			name = Debug;
		};
		175300242C8F8822006387C3 /* Release */ = {
			isa = XCBuildConfiguration;
			buildSettings = {
				ALWAYS_EMBED_SWIFT_STANDARD_LIBRARIES = YES;
				ASSETCATALOG_COMPILER_APPICON_NAME = AppIcon;
				ASSETCATALOG_COMPILER_GLOBAL_ACCENT_COLOR_NAME = AccentColor;
				CODE_SIGN_STYLE = Automatic;
				CURRENT_PROJECT_VERSION = 1;
				DEVELOPMENT_TEAM = PZ22MVLYZ5;
				GENERATE_INFOPLIST_FILE = YES;
				INFOPLIST_FILE = HodorKeyboard/Info.plist;
				INFOPLIST_KEY_UIApplicationSupportsIndirectInputEvents = YES;
				INFOPLIST_KEY_UILaunchStoryboardName = LaunchScreen;
				INFOPLIST_KEY_UIMainStoryboardFile = Main;
				INFOPLIST_KEY_UISupportedInterfaceOrientations_iPad = "UIInterfaceOrientationPortrait UIInterfaceOrientationPortraitUpsideDown UIInterfaceOrientationLandscapeLeft UIInterfaceOrientationLandscapeRight";
				INFOPLIST_KEY_UISupportedInterfaceOrientations_iPhone = "UIInterfaceOrientationPortrait UIInterfaceOrientationLandscapeLeft UIInterfaceOrientationLandscapeRight";
				LD_RUNPATH_SEARCH_PATHS = (
					"$(inherited)",
					"@executable_path/Frameworks",
				);
				MARKETING_VERSION = 1.0;
				PRODUCT_BUNDLE_IDENTIFIER = com.keremturkozu.HodorKeyboard;
				PRODUCT_NAME = "$(TARGET_NAME)";
				SWIFT_EMIT_LOC_STRINGS = YES;
				SWIFT_VERSION = 5.0;
				TARGETED_DEVICE_FAMILY = "1,2";
			};
			name = Release;
		};
		175300322C8F8902006387C3 /* Debug */ = {
			isa = XCBuildConfiguration;
			buildSettings = {
				CODE_SIGN_STYLE = Automatic;
				CURRENT_PROJECT_VERSION = 1;
				DEVELOPMENT_TEAM = PZ22MVLYZ5;
				GENERATE_INFOPLIST_FILE = YES;
				INFOPLIST_FILE = Hodor/Info.plist;
				INFOPLIST_KEY_CFBundleDisplayName = Hodor;
				INFOPLIST_KEY_NSHumanReadableCopyright = "";
				LD_RUNPATH_SEARCH_PATHS = (
					"$(inherited)",
					"@executable_path/Frameworks",
					"@executable_path/../../Frameworks",
				);
				MARKETING_VERSION = 1.0;
				PRODUCT_BUNDLE_IDENTIFIER = com.keremturkozu.HodorKeyboard.Hodor;
				PRODUCT_NAME = "$(TARGET_NAME)";
				SKIP_INSTALL = YES;
				SWIFT_EMIT_LOC_STRINGS = YES;
				SWIFT_VERSION = 5.0;
				TARGETED_DEVICE_FAMILY = "1,2";
			};
			name = Debug;
		};
		175300332C8F8902006387C3 /* Release */ = {
			isa = XCBuildConfiguration;
			buildSettings = {
				CODE_SIGN_STYLE = Automatic;
				CURRENT_PROJECT_VERSION = 1;
				DEVELOPMENT_TEAM = PZ22MVLYZ5;
				GENERATE_INFOPLIST_FILE = YES;
				INFOPLIST_FILE = Hodor/Info.plist;
				INFOPLIST_KEY_CFBundleDisplayName = Hodor;
				INFOPLIST_KEY_NSHumanReadableCopyright = "";
				LD_RUNPATH_SEARCH_PATHS = (
					"$(inherited)",
					"@executable_path/Frameworks",
					"@executable_path/../../Frameworks",
				);
				MARKETING_VERSION = 1.0;
				PRODUCT_BUNDLE_IDENTIFIER = com.keremturkozu.HodorKeyboard.Hodor;
				PRODUCT_NAME = "$(TARGET_NAME)";
				SKIP_INSTALL = YES;
				SWIFT_EMIT_LOC_STRINGS = YES;
				SWIFT_VERSION = 5.0;
				TARGETED_DEVICE_FAMILY = "1,2";
			};
			name = Release;
		};
/* End XCBuildConfiguration section */

/* Begin XCConfigurationList section */
		175300092C8F8820006387C3 /* Build configuration list for PBXProject "HodorKeyboard" */ = {
			isa = XCConfigurationList;
			buildConfigurations = (
				175300202C8F8822006387C3 /* Debug */,
				175300212C8F8822006387C3 /* Release */,
			);
			defaultConfigurationIsVisible = 0;
			defaultConfigurationName = Release;
		};
		175300222C8F8822006387C3 /* Build configuration list for PBXNativeTarget "HodorKeyboard" */ = {
			isa = XCConfigurationList;
			buildConfigurations = (
				175300232C8F8822006387C3 /* Debug */,
				175300242C8F8822006387C3 /* Release */,
			);
			defaultConfigurationIsVisible = 0;
			defaultConfigurationName = Release;
		};
		175300312C8F8902006387C3 /* Build configuration list for PBXNativeTarget "Hodor" */ = {
			isa = XCConfigurationList;
			buildConfigurations = (
				175300322C8F8902006387C3 /* Debug */,
				175300332C8F8902006387C3 /* Release */,
			);
			defaultConfigurationIsVisible = 0;
			defaultConfigurationName = Release;
		};
/* End XCConfigurationList section */
	};
	rootObject = 175300062C8F8820006387C3 /* Project object */;
}
